
Microsoft Visual Studio Solution File, Format Version 12.00
# Visual Studio Version 16
VisualStudioVersion = 16.0.32228.343
MinimumVisualStudioVersion = 10.0.40219.1
Project("{FAE04EC0-301F-11D3-BF4B-00C04F79EFBC}") = "Pharm", "Pharm\Pharm.csproj", "{E6AFF804-143C-4507-9FC1-0F58A7E1AF25}"
EndProject
Project("{FAE04EC0-301F-11D3-BF4B-00C04F79EFBC}") = "DataLayer", "DataLayer\DataLayer.csproj", "{ECA3E02A-BEC0-4B81-A64E-08E7EC40AD74}"
EndProject
Project("{00D1A9C2-B5F0-4AF3-8072-F6C62B433612}") = "Pharmacy", "DB\Pharmacy.sqlproj", "{1980C05D-D813-45BD-8C31-F3FB6903F896}"
EndProject
Project("{FAE04EC0-301F-11D3-BF4B-00C04F79EFBC}") = "BusinessLayer", "BusinessLayer\BusinessLayer.csproj", "{84C07CD7-8564-4150-9BA5-3E864787C7B5}"
EndProject
Global
	GlobalSection(SolutionConfigurationPlatforms) = preSolution
		Debug|Any CPU = Debug|Any CPU
		Release|Any CPU = Release|Any CPU
	EndGlobalSection
	GlobalSection(ProjectConfigurationPlatforms) = postSolution
		{E6AFF804-143C-4507-9FC1-0F58A7E1AF25}.Debug|Any CPU.ActiveCfg = Debug|Any CPU
		{E6AFF804-143C-4507-9FC1-0F58A7E1AF25}.Debug|Any CPU.Build.0 = Debug|Any CPU
		{E6AFF804-143C-4507-9FC1-0F58A7E1AF25}.Release|Any CPU.ActiveCfg = Release|Any CPU
		{E6AFF804-143C-4507-9FC1-0F58A7E1AF25}.Release|Any CPU.Build.0 = Release|Any CPU
		{ECA3E02A-BEC0-4B81-A64E-08E7EC40AD74}.Debug|Any CPU.ActiveCfg = Debug|Any CPU
		{ECA3E02A-BEC0-4B81-A64E-08E7EC40AD74}.Debug|Any CPU.Build.0 = Debug|Any CPU
		{ECA3E02A-BEC0-4B81-A64E-08E7EC40AD74}.Release|Any CPU.ActiveCfg = Release|Any CPU
		{ECA3E02A-BEC0-4B81-A64E-08E7EC40AD74}.Release|Any CPU.Build.0 = Release|Any CPU
		{1980C05D-D813-45BD-8C31-F3FB6903F896}.Debug|Any CPU.ActiveCfg = Debug|Any CPU
		{1980C05D-D813-45BD-8C31-F3FB6903F896}.Debug|Any CPU.Build.0 = Debug|Any CPU
		{1980C05D-D813-45BD-8C31-F3FB6903F896}.Debug|Any CPU.Deploy.0 = Debug|Any CPU
		{1980C05D-D813-45BD-8C31-F3FB6903F896}.Release|Any CPU.ActiveCfg = Release|Any CPU
		{1980C05D-D813-45BD-8C31-F3FB6903F896}.Release|Any CPU.Build.0 = Release|Any CPU
		{1980C05D-D813-45BD-8C31-F3FB6903F896}.Release|Any CPU.Deploy.0 = Release|Any CPU
		{84C07CD7-8564-4150-9BA5-3E864787C7B5}.Debug|Any CPU.ActiveCfg = Debug|Any CPU
		{84C07CD7-8564-4150-9BA5-3E864787C7B5}.Debug|Any CPU.Build.0 = Debug|Any CPU
		{84C07CD7-8564-4150-9BA5-3E864787C7B5}.Release|Any CPU.ActiveCfg = Release|Any CPU
		{84C07CD7-8564-4150-9BA5-3E864787C7B5}.Release|Any CPU.Build.0 = Release|Any CPU
	EndGlobalSection
	GlobalSection(SolutionProperties) = preSolution
		HideSolutionNode = FALSE
	EndGlobalSection
	GlobalSection(ExtensibilityGlobals) = postSolution
		SolutionGuid = {74ED6055-D5B9-4DEA-8C98-6456A756B947}
	EndGlobalSection
EndGlobal
